
Microsoft Visual Studio Solution File, Format Version 12.00
# Visual Studio 15
VisualStudioVersion = 15.0.28307.1500
MinimumVisualStudioVersion = 10.0.40219.1
Project("{FAE04EC0-301F-11D3-BF4B-00C04F79EFBC}") = "Dungeon", "Dungeon\Dungeon.csproj", "{A932912E-BAFA-4607-8FE7-11467ABA92E1}"
EndProject
Project("{FAE04EC0-301F-11D3-BF4B-00C04F79EFBC}") = "ClassLibrary1", "ClassLibrary1\ClassLibrary1.csproj", "{C26B1CAB-52C0-4179-A31B-39F378816A6F}"
EndProject
Global
	GlobalSection(SolutionConfigurationPlatforms) = preSolution
		Debug|Any CPU = Debug|Any CPU
		Release|Any CPU = Release|Any CPU
	EndGlobalSection
	GlobalSection(ProjectConfigurationPlatforms) = postSolution
		{A932912E-BAFA-4607-8FE7-11467ABA92E1}.Debug|Any CPU.ActiveCfg = Debug|Any CPU
		{A932912E-BAFA-4607-8FE7-11467ABA92E1}.Debug|Any CPU.Build.0 = Debug|Any CPU
		{A932912E-BAFA-4607-8FE7-11467ABA92E1}.Release|Any CPU.ActiveCfg = Release|Any CPU
		{A932912E-BAFA-4607-8FE7-11467ABA92E1}.Release|Any CPU.Build.0 = Release|Any CPU
		{C26B1CAB-52C0-4179-A31B-39F378816A6F}.Debug|Any CPU.ActiveCfg = Debug|Any CPU
		{C26B1CAB-52C0-4179-A31B-39F378816A6F}.Debug|Any CPU.Build.0 = Debug|Any CPU
		{C26B1CAB-52C0-4179-A31B-39F378816A6F}.Release|Any CPU.ActiveCfg = Release|Any CPU
		{C26B1CAB-52C0-4179-A31B-39F378816A6F}.Release|Any CPU.Build.0 = Release|Any CPU
	EndGlobalSection
	GlobalSection(SolutionProperties) = preSolution
		HideSolutionNode = FALSE
	EndGlobalSection
	GlobalSection(ExtensibilityGlobals) = postSolution
		SolutionGuid = {5FC2C356-2875-4E95-9594-E9167030A0CE}
	EndGlobalSection
EndGlobal
